{
  "name": "android-use-workspace",
  "lockfileVersion": 3,
  "requires": true,
  "packages": {
    "": {
      "name": "android-use-workspace",
      "workspaces": [
        "install"
      ],
      "engines": {
        "node": ">=20.11"
      }
    },
    "install": {
      "name": "android-use",
      "version": "1.0.0",
      "license": "MIT",
      "bin": {
        "android-use": "cli.mjs"
      },
      "engines": {
        "node": ">=20.11"
      }
    },
    "node_modules/android-use": {
      "resolved": "install",
      "link": true
    }
  }
}
